{
  "name": "simplest-example",
  "lockfileVersion": 3,
  "requires": true,
  "packages": {
    "": {
      "dependencies": {
        "rete": "^1.5.0",
        "rete-connection-plugin": "^0.9.0",
        "rete-context-menu-plugin": "^1.0.0-alpha9"
      }
    },
    "node_modules/rete": {
      "version": "1.5.0",
      "resolved": "https://registry.npmjs.org/rete/-/rete-1.5.0.tgz",
      "integrity": "sha512-JLQXjSbYuz7XBq+BcN2KTSRErwZ7X/MoHmlO1wGlyAmEdaMzog+nLWRwouBD8b5yEeKj1Lkf46eajVVLxYHUgA==",
      "hasInstallScript": true
    },
    "node_modules/rete-connection-plugin": {
      "version": "0.9.0",
      "resolved": "https://registry.npmjs.org/rete-connection-plugin/-/rete-connection-plugin-0.9.0.tgz",
      "integrity": "sha512-D+H1yAONBBFYXeMkz0sdpDm76XiqcF2N3FduaqMUqcoThocMaFB2O8TX3nJc76ksuYaLYqo/+OLXTxNa+5HQYQ=="
    },
    "node_modules/rete-context-menu-plugin": {
      "version": "1.0.0-alpha9",
      "resolved": "https://registry.npmjs.org/rete-context-menu-plugin/-/rete-context-menu-plugin-1.0.0-alpha9.tgz",
      "integrity": "sha512-dtW+IIlzDSe4z36ygcB77QKpczJnzS1AdC2C6Wx0QkhU5+mL7axU9Tp5AUcVH/Y7RLXskAiHX3GAO6ZGgI2iSg=="
    }
  }
}
